
Microsoft Visual Studio Solution File, Format Version 11.00
# Visual Studio 2010
Project("{FAE04EC0-301F-11D3-BF4B-00C04F79EFBC}") = "InvertedIndex", "InvertedIndex\InvertedIndex.csproj", "{9DF47291-BCFE-42DA-BE13-0B395E069D00}"
EndProject
Project("{FAE04EC0-301F-11D3-BF4B-00C04F79EFBC}") = "InvertedIndex_Test", "InvertedIndex_Test\InvertedIndex_Test.csproj", "{0E2B689A-18B2-481F-9852-5A4FB4E34AA4}"
EndProject
Global
	GlobalSection(SolutionConfigurationPlatforms) = preSolution
		Debug|Any CPU = Debug|Any CPU
		Release|Any CPU = Release|Any CPU
	EndGlobalSection
	GlobalSection(ProjectConfigurationPlatforms) = postSolution
		{9DF47291-BCFE-42DA-BE13-0B395E069D00}.Debug|Any CPU.ActiveCfg = Debug|Any CPU
		{9DF47291-BCFE-42DA-BE13-0B395E069D00}.Debug|Any CPU.Build.0 = Debug|Any CPU
		{9DF47291-BCFE-42DA-BE13-0B395E069D00}.Release|Any CPU.ActiveCfg = Release|Any CPU
		{9DF47291-BCFE-42DA-BE13-0B395E069D00}.Release|Any CPU.Build.0 = Release|Any CPU
		{0E2B689A-18B2-481F-9852-5A4FB4E34AA4}.Debug|Any CPU.ActiveCfg = Debug|Any CPU
		{0E2B689A-18B2-481F-9852-5A4FB4E34AA4}.Debug|Any CPU.Build.0 = Debug|Any CPU
		{0E2B689A-18B2-481F-9852-5A4FB4E34AA4}.Release|Any CPU.ActiveCfg = Release|Any CPU
		{0E2B689A-18B2-481F-9852-5A4FB4E34AA4}.Release|Any CPU.Build.0 = Release|Any CPU
	EndGlobalSection
	GlobalSection(SolutionProperties) = preSolution
		HideSolutionNode = FALSE
	EndGlobalSection
EndGlobal
